
Microsoft Visual Studio Solution File, Format Version 12.00
# Visual Studio Version 16
VisualStudioVersion = 16.0.29424.173
MinimumVisualStudioVersion = 10.0.40219.1
Project("{8BC9CEB8-8B4A-11D0-8D11-00A0C91BC942}") = "ggsample12", "ggsample12.vcxproj", "{017F9916-E698-417C-8AFF-32E0707AF6C0}"
EndProject
Global
	GlobalSection(SolutionConfigurationPlatforms) = preSolution
		Debug|Win32 = Debug|Win32
		Debug|x64 = Debug|x64
		Release|Win32 = Release|Win32
		Release|x64 = Release|x64
	EndGlobalSection
	GlobalSection(ProjectConfigurationPlatforms) = postSolution
		{017F9916-E698-417C-8AFF-32E0707AF6C0}.Debug|Win32.ActiveCfg = Debug|Win32
		{017F9916-E698-417C-8AFF-32E0707AF6C0}.Debug|Win32.Build.0 = Debug|Win32
		{017F9916-E698-417C-8AFF-32E0707AF6C0}.Debug|x64.ActiveCfg = Debug|x64
		{017F9916-E698-417C-8AFF-32E0707AF6C0}.Debug|x64.Build.0 = Debug|x64
		{017F9916-E698-417C-8AFF-32E0707AF6C0}.Release|Win32.ActiveCfg = Release|Win32
		{017F9916-E698-417C-8AFF-32E0707AF6C0}.Release|Win32.Build.0 = Release|Win32
		{017F9916-E698-417C-8AFF-32E0707AF6C0}.Release|x64.ActiveCfg = Release|x64
		{017F9916-E698-417C-8AFF-32E0707AF6C0}.Release|x64.Build.0 = Release|x64
	EndGlobalSection
	GlobalSection(SolutionProperties) = preSolution
		HideSolutionNode = FALSE
	EndGlobalSection
	GlobalSection(ExtensibilityGlobals) = postSolution
		SolutionGuid = {46B2F2D4-4A5B-46A6-8590-D979D2B69063}
	EndGlobalSection
EndGlobal
